
Microsoft Visual Studio Solution File, Format Version 12.00
# Visual Studio Version 17
VisualStudioVersion = 17.5.33502.453
MinimumVisualStudioVersion = 10.0.40219.1
Project("{FAE04EC0-301F-11D3-BF4B-00C04F79EFBC}") = "Northwind.Entities", "Northwind.Entities\Northwind.Entities.csproj", "{F2825B2F-029B-4D1D-BB5B-2A199087ED8B}"
EndProject
Project("{FAE04EC0-301F-11D3-BF4B-00C04F79EFBC}") = "Northwind.DataAccess", "Northwind.DataAccess\Northwind.DataAccess.csproj", "{432599EB-C220-4DA4-8FFB-39E920B8FF2D}"
EndProject
Project("{FAE04EC0-301F-11D3-BF4B-00C04F79EFBC}") = "Northwind.Business", "Northwind.Business\Northwind.Business.csproj", "{5C1A3BC0-E2CB-4038-BEB5-DAC17CAAB226}"
EndProject
Project("{FAE04EC0-301F-11D3-BF4B-00C04F79EFBC}") = "Northwind.WebFormsUI", "Northwind.WebFormsUI\Northwind.WebFormsUI.csproj", "{F8637A89-8BF3-49DB-B8E7-779BE324C024}"
EndProject
Global
	GlobalSection(SolutionConfigurationPlatforms) = preSolution
		Debug|Any CPU = Debug|Any CPU
		Release|Any CPU = Release|Any CPU
	EndGlobalSection
	GlobalSection(ProjectConfigurationPlatforms) = postSolution
		{F2825B2F-029B-4D1D-BB5B-2A199087ED8B}.Debug|Any CPU.ActiveCfg = Debug|Any CPU
		{F2825B2F-029B-4D1D-BB5B-2A199087ED8B}.Debug|Any CPU.Build.0 = Debug|Any CPU
		{F2825B2F-029B-4D1D-BB5B-2A199087ED8B}.Release|Any CPU.ActiveCfg = Release|Any CPU
		{F2825B2F-029B-4D1D-BB5B-2A199087ED8B}.Release|Any CPU.Build.0 = Release|Any CPU
		{432599EB-C220-4DA4-8FFB-39E920B8FF2D}.Debug|Any CPU.ActiveCfg = Debug|Any CPU
		{432599EB-C220-4DA4-8FFB-39E920B8FF2D}.Debug|Any CPU.Build.0 = Debug|Any CPU
		{432599EB-C220-4DA4-8FFB-39E920B8FF2D}.Release|Any CPU.ActiveCfg = Release|Any CPU
		{432599EB-C220-4DA4-8FFB-39E920B8FF2D}.Release|Any CPU.Build.0 = Release|Any CPU
		{5C1A3BC0-E2CB-4038-BEB5-DAC17CAAB226}.Debug|Any CPU.ActiveCfg = Debug|Any CPU
		{5C1A3BC0-E2CB-4038-BEB5-DAC17CAAB226}.Debug|Any CPU.Build.0 = Debug|Any CPU
		{5C1A3BC0-E2CB-4038-BEB5-DAC17CAAB226}.Release|Any CPU.ActiveCfg = Release|Any CPU
		{5C1A3BC0-E2CB-4038-BEB5-DAC17CAAB226}.Release|Any CPU.Build.0 = Release|Any CPU
		{F8637A89-8BF3-49DB-B8E7-779BE324C024}.Debug|Any CPU.ActiveCfg = Debug|Any CPU
		{F8637A89-8BF3-49DB-B8E7-779BE324C024}.Debug|Any CPU.Build.0 = Debug|Any CPU
		{F8637A89-8BF3-49DB-B8E7-779BE324C024}.Release|Any CPU.ActiveCfg = Release|Any CPU
		{F8637A89-8BF3-49DB-B8E7-779BE324C024}.Release|Any CPU.Build.0 = Release|Any CPU
	EndGlobalSection
	GlobalSection(SolutionProperties) = preSolution
		HideSolutionNode = FALSE
	EndGlobalSection
	GlobalSection(ExtensibilityGlobals) = postSolution
		SolutionGuid = {F901267B-9D88-43B2-B284-3A000AA31183}
	EndGlobalSection
EndGlobal
